{
  "version": 4,
  "terraform_version": "1.9.7",
  "serial": 16,
  "lineage": "96fb688c-ab2a-c3c0-844d-5904bf3328ce",
  "outputs": {},
  "resources": [
    {
      "mode": "data",
      "type": "azurerm_key_vault",
      "name": "kv",
      "provider": "provider[\"registry.terraform.io/hashicorp/azurerm\"]",
      "instances": [
        {
          "schema_version": 0,
          "attributes": {
            "access_policy": [],
            "enable_rbac_authorization": true,
            "enabled_for_deployment": false,
            "enabled_for_disk_encryption": false,
            "enabled_for_template_deployment": false,
            "id": "/subscriptions/8d9c148a-455c-4c34-8ccc-045b0394798a/resourceGroups/Foundry-Project/providers/Microsoft.KeyVault/vaults/kv-secret-monitor-0103",
            "location": "southindia",
            "name": "kv-secret-monitor-0103",
            "network_acls": [],
            "public_network_access_enabled": true,
            "purge_protection_enabled": false,
            "resource_group_name": "Foundry-Project",
            "sku_name": "standard",
            "tags": {},
            "tenant_id": "70afdd80-5f5b-4a09-a90d-383f126e8c33",
            "timeouts": null,
            "vault_uri": "https://kv-secret-monitor-0103.vault.azure.net/"
          },
          "sensitive_attributes": []
        }
      ]
    },
    {
      "mode": "data",
      "type": "azurerm_user_assigned_identity",
      "name": "uami",
      "provider": "provider[\"registry.terraform.io/hashicorp/azurerm\"]",
      "instances": [
        {
          "schema_version": 0,
          "attributes": {
            "client_id": "17c0380e-395b-4b6b-bebb-bfd1dc439530",
            "id": "/subscriptions/8d9c148a-455c-4c34-8ccc-045b0394798a/resourceGroups/Foundry-Project/providers/Microsoft.ManagedIdentity/userAssignedIdentities/uami-secret-monitor",
            "location": "southindia",
            "name": "uami-secret-monitor",
            "principal_id": "3f62d410-975e-4923-b201-3b02931a38b3",
            "resource_group_name": "Foundry-Project",
            "tags": {},
            "tenant_id": "70afdd80-5f5b-4a09-a90d-383f126e8c33",
            "timeouts": null
          },
          "sensitive_attributes": []
        }
      ]
    },
    {
      "mode": "managed",
      "type": "azurerm_resource_group",
      "name": "rg",
      "provider": "provider[\"registry.terraform.io/hashicorp/azurerm\"]",
      "instances": [
        {
          "schema_version": 0,
          "attributes": {
            "id": "/subscriptions/8d9c148a-455c-4c34-8ccc-045b0394798a/resourceGroups/Foundry-Project",
            "location": "southindia",
            "managed_by": "",
            "name": "Foundry-Project",
            "tags": {},
            "timeouts": null
          },
          "sensitive_attributes": [],
          "private": "eyJlMmJmYjczMC1lY2FhLTExZTYtOGY4OC0zNDM2M2JjN2M0YzAiOnsiY3JlYXRlIjo1NDAwMDAwMDAwMDAwLCJkZWxldGUiOjU0MDAwMDAwMDAwMDAsInJlYWQiOjMwMDAwMDAwMDAwMCwidXBkYXRlIjo1NDAwMDAwMDAwMDAwfSwic2NoZW1hX3ZlcnNpb24iOiIwIn0="
        }
      ]
    },
    {
      "mode": "managed",
      "type": "azurerm_subnet",
      "name": "snet",
      "provider": "provider[\"registry.terraform.io/hashicorp/azurerm\"]",
      "instances": [
        {
          "schema_version": 0,
          "attributes": {
            "address_prefixes": [
              "10.0.0.0/23"
            ],
            "default_outbound_access_enabled": true,
            "delegation": [
              {
                "name": "Microsoft.App.environments",
                "service_delegation": [
                  {
                    "actions": [
                      "Microsoft.Network/virtualNetworks/subnets/join/action"
                    ],
                    "name": "Microsoft.App/environments"
                  }
                ]
              }
            ],
            "enforce_private_link_endpoint_network_policies": false,
            "enforce_private_link_service_network_policies": false,
            "id": "/subscriptions/8d9c148a-455c-4c34-8ccc-045b0394798a/resourceGroups/Foundry-Project/providers/Microsoft.Network/virtualNetworks/vnet-secret-governance/subnets/snet-containerapps",
            "name": "snet-containerapps",
            "private_endpoint_network_policies": "Enabled",
            "private_endpoint_network_policies_enabled": true,
            "private_link_service_network_policies_enabled": true,
            "resource_group_name": "Foundry-Project",
            "service_endpoint_policy_ids": [],
            "service_endpoints": [],
            "timeouts": null,
            "virtual_network_name": "vnet-secret-governance"
          },
          "sensitive_attributes": [],
          "private": "eyJlMmJmYjczMC1lY2FhLTExZTYtOGY4OC0zNDM2M2JjN2M0YzAiOnsiY3JlYXRlIjoxODAwMDAwMDAwMDAwLCJkZWxldGUiOjE4MDAwMDAwMDAwMDAsInJlYWQiOjMwMDAwMDAwMDAwMCwidXBkYXRlIjoxODAwMDAwMDAwMDAwfX0=",
          "dependencies": [
            "azurerm_resource_group.rg",
            "azurerm_virtual_network.vnet"
          ]
        }
      ]
    },
    {
      "mode": "managed",
      "type": "azurerm_virtual_network",
      "name": "vnet",
      "provider": "provider[\"registry.terraform.io/hashicorp/azurerm\"]",
      "instances": [
        {
          "schema_version": 0,
          "attributes": {
            "address_space": [
              "10.0.0.0/16"
            ],
            "bgp_community": "",
            "ddos_protection_plan": [],
            "dns_servers": [],
            "edge_zone": "",
            "encryption": [],
            "flow_timeout_in_minutes": 0,
            "guid": "63c321d7-3f7e-43d6-9246-60eda2667ea3",
            "id": "/subscriptions/8d9c148a-455c-4c34-8ccc-045b0394798a/resourceGroups/Foundry-Project/providers/Microsoft.Network/virtualNetworks/vnet-secret-governance",
            "location": "southindia",
            "name": "vnet-secret-governance",
            "resource_group_name": "Foundry-Project",
            "subnet": [
              {
                "address_prefix": "10.0.0.0/23",
                "id": "/subscriptions/8d9c148a-455c-4c34-8ccc-045b0394798a/resourceGroups/Foundry-Project/providers/Microsoft.Network/virtualNetworks/vnet-secret-governance/subnets/snet-containerapps",
                "name": "snet-containerapps",
                "security_group": ""
              }
            ],
            "tags": {},
            "timeouts": null
          },
          "sensitive_attributes": [],
          "private": "eyJlMmJmYjczMC1lY2FhLTExZTYtOGY4OC0zNDM2M2JjN2M0YzAiOnsiY3JlYXRlIjoxODAwMDAwMDAwMDAwLCJkZWxldGUiOjE4MDAwMDAwMDAwMDAsInJlYWQiOjMwMDAwMDAwMDAwMCwidXBkYXRlIjoxODAwMDAwMDAwMDAwfX0=",
          "dependencies": [
            "azurerm_resource_group.rg"
          ]
        }
      ]
    },
    {
      "module": "module.secret_governance",
      "mode": "managed",
      "type": "azurerm_container_app",
      "name": "app",
      "provider": "provider[\"registry.terraform.io/hashicorp/azurerm\"]",
      "instances": [
        {
          "schema_version": 0,
          "attributes": {
            "container_app_environment_id": "/subscriptions/8d9c148a-455c-4c34-8ccc-045b0394798a/resourceGroups/Foundry-Project/providers/Microsoft.App/managedEnvironments/cae-secret-monitor",
            "custom_domain_verification_id": "F63DEFDF9EB71366A00FD2DA029ED12E592FF7BD63A415816889752213D9CE82",
            "dapr": [],
            "id": "/subscriptions/8d9c148a-455c-4c34-8ccc-045b0394798a/resourceGroups/Foundry-Project/providers/Microsoft.App/containerApps/secret-governance-v2",
            "identity": [],
            "ingress": [
              {
                "allow_insecure_connections": false,
                "custom_domain": [],
                "exposed_port": 0,
                "external_enabled": false,
                "fqdn": "secret-governance-v2.internal.gentlemeadow-59345bfb.southindia.azurecontainerapps.io",
                "ip_security_restriction": [],
                "target_port": 8000,
                "traffic_weight": [
                  {
                    "label": "",
                    "latest_revision": true,
                    "percentage": 100,
                    "revision_suffix": ""
                  }
                ],
                "transport": "auto"
              }
            ],
            "latest_revision_fqdn": "secret-governance-v2--nlipvg3.internal.gentlemeadow-59345bfb.southindia.azurecontainerapps.io",
            "latest_revision_name": "secret-governance-v2--nlipvg3",
            "location": "southindia",
            "name": "secret-governance-v2",
            "outbound_ip_addresses": [
              "52.140.42.78",
              "52.140.42.103",
              "52.140.18.104",
              "52.140.3.4",
              "52.172.102.92",
              "52.140.23.196",
              "52.140.18.199",
              "52.140.20.52",
              "52.140.46.157",
              "52.140.5.50",
              "20.235.50.215",
              "52.140.54.138",
              "104.211.204.51",
              "20.235.154.148",
              "104.211.204.70",
              "20.235.25.189",
              "52.140.55.214",
              "104.211.201.14",
              "52.140.55.215",
              "52.140.55.190",
              "20.235.54.190",
              "20.41.237.27",
              "20.235.29.5",
              "74.224.121.57",
              "52.140.56.247",
              "20.235.54.142",
              "20.235.131.59",
              "20.235.28.97",
              "20.235.54.155",
              "20.235.34.48",
              "20.235.28.90",
              "104.211.201.11",
              "20.235.28.244",
              "20.41.237.84",
              "20.41.236.22",
              "20.235.177.10",
              "20.235.29.52",
              "20.235.28.91",
              "20.235.28.100",
              "20.235.54.148",
              "20.235.44.212",
              "20.219.70.144",
              "20.235.155.19",
              "20.235.131.60",
              "104.211.201.15",
              "20.235.34.78",
              "20.235.141.43",
              "20.235.54.20",
              "20.235.29.53",
              "52.140.55.199",
              "20.219.70.236",
              "20.219.89.64",
              "104.211.201.157",
              "74.224.122.65",
              "20.41.236.20",
              "104.211.213.156",
              "20.41.236.23",
              "20.235.28.245",
              "20.235.54.153",
              "20.235.34.75",
              "74.224.121.141",
              "20.235.28.96",
              "74.224.122.64",
              "104.211.201.10",
              "52.140.55.198",
              "20.235.181.45",
              "20.235.54.202",
              "20.235.32.28",
              "20.235.54.120",
              "20.235.130.3",
              "20.235.131.29",
              "20.235.34.74",
              "4.247.31.11",
              "20.235.28.101",
              "20.235.54.146",
              "52.140.55.191",
              "20.235.54.199",
              "20.235.54.2",
              "20.235.29.4",
              "20.235.142.42",
              "20.235.177.223",
              "74.225.9.237",
              "74.225.2.86",
              "20.235.178.6",
              "20.235.178.92",
              "4.247.28.84",
              "4.247.27.225",
              "74.225.9.225",
              "4.247.26.252",
              "4.247.28.113",
              "52.140.55.180",
              "20.41.249.100",
              "20.41.250.179",
              "52.140.56.215",
              "20.41.251.190",
              "20.219.107.107",
              "52.172.90.85",
              "20.219.100.218",
              "20.219.100.159",
              "52.140.49.178",
              "52.140.16.129",
              "52.140.7.58",
              "52.140.32.99",
              "52.140.47.149",
              "52.172.101.43",
              "13.71.122.125",
              "52.172.99.132",
              "52.172.100.96",
              "52.140.7.136",
              "52.172.97.66",
              "20.41.216.141",
              "20.219.75.76",
              "20.219.123.9",
              "52.172.94.105",
              "20.219.110.218",
              "20.219.122.210",
              "20.235.1.74",
              "20.41.253.186",
              "20.219.82.170",
              "52.140.62.197",
              "20.235.160.18",
              "20.219.75.75",
              "52.172.95.177",
              "20.219.82.171",
              "20.41.250.33",
              "20.41.219.209",
              "20.219.82.223",
              "20.219.74.255",
              "20.235.1.75",
              "20.235.47.149",
              "20.219.75.65",
              "20.41.254.45",
              "20.219.123.8",
              "20.44.62.69",
              "20.219.75.94",
              "20.219.122.243",
              "20.219.82.228",
              "20.219.122.238",
              "20.219.82.238",
              "20.219.82.239",
              "20.219.123.31",
              "20.235.28.36",
              "20.219.75.56",
              "20.219.75.74",
              "20.235.28.27",
              "20.219.123.30",
              "52.140.55.181",
              "20.219.82.250",
              "20.41.253.240",
              "20.219.82.222",
              "20.235.0.179",
              "20.219.82.229",
              "20.235.40.60",
              "20.235.28.64",
              "20.44.62.77",
              "20.219.83.128",
              "20.41.250.32",
              "20.219.122.254",
              "52.172.89.88",
              "20.219.122.242",
              "20.235.40.61",
              "20.219.75.77",
              "20.235.26.237",
              "20.235.18.227",
              "20.41.221.150",
              "20.219.122.255",
              "20.235.28.37",
              "20.235.29.173",
              "20.219.120.65",
              "20.41.219.3",
              "20.41.221.3",
              "20.235.18.53",
              "20.235.28.26",
              "20.235.1.175",
              "20.41.253.169",
              "20.219.75.57",
              "52.172.95.172",
              "20.219.75.64",
              "20.219.122.239",
              "20.41.253.138",
              "104.211.225.188"
            ],
            "registry": [
              {
                "identity": "",
                "password_secret_name": "acr-password",
                "server": "acrsecretmonitor0103.azurecr.io",
                "username": "acrsecretmonitor0103"
              }
            ],
            "resource_group_name": "Foundry-Project",
            "revision_mode": "Single",
            "secret": [
              {
                "identity": "",
                "key_vault_secret_id": "",
                "name": "acr-password",
                "value": "DyDsGc9WmlggNDIbgQHrcHAq7gp1KvwJgBLC51EaQTgbx9JWtLKbJQQJ99CFAC77bzfEqg7NAAACAZCRnu4C"
              }
            ],
            "tags": null,
            "template": [
              {
                "azure_queue_scale_rule": [],
                "container": [
                  {
                    "args": null,
                    "command": null,
                    "cpu": 0.5,
                    "env": [
                      {
                        "name": "KEY_VAULT_URL",
                        "secret_name": "",
                        "value": "https://kv-secret-monitor-0103.vault.azure.net/"
                      },
                      {
                        "name": "UAMI_CLIENT_ID",
                        "secret_name": "",
                        "value": "17c0380e-395b-4b6b-bebb-bfd1dc439530"
                      },
                      {
                        "name": "MONITOR_MCP_URL",
                        "secret_name": "",
                        "value": "http://localhost:8001/mcp"
                      }
                    ],
                    "ephemeral_storage": "2Gi",
                    "image": "acrsecretmonitor0103.azurecr.io/secret-governance/langchain-agent:latest",
                    "liveness_probe": [],
                    "memory": "1Gi",
                    "name": "langchain-agent",
                    "readiness_probe": [],
                    "startup_probe": [],
                    "volume_mounts": []
                  },
                  {
                    "args": null,
                    "command": null,
                    "cpu": 0.5,
                    "env": [
                      {
                        "name": "KEY_VAULT_URL",
                        "secret_name": "",
                        "value": "https://kv-secret-monitor-0103.vault.azure.net/"
                      },
                      {
                        "name": "UAMI_CLIENT_ID",
                        "secret_name": "",
                        "value": "17c0380e-395b-4b6b-bebb-bfd1dc439530"
                      }
                    ],
                    "ephemeral_storage": "2Gi",
                    "image": "acrsecretmonitor0103.azurecr.io/secret-governance/monitor-mcp:latest",
                    "liveness_probe": [],
                    "memory": "1Gi",
                    "name": "monitor-mcp",
                    "readiness_probe": [],
                    "startup_probe": [],
                    "volume_mounts": []
                  }
                ],
                "custom_scale_rule": [],
                "http_scale_rule": [],
                "init_container": [],
                "max_replicas": 10,
                "min_replicas": 0,
                "revision_suffix": "",
                "tcp_scale_rule": [],
                "volume": []
              }
            ],
            "timeouts": null,
            "workload_profile_name": "Consumption"
          },
          "sensitive_attributes": [
            [
              {
                "type": "get_attr",
                "value": "custom_domain_verification_id"
              }
            ],
            [
              {
                "type": "get_attr",
                "value": "secret"
              }
            ]
          ],
          "private": "eyJlMmJmYjczMC1lY2FhLTExZTYtOGY4OC0zNDM2M2JjN2M0YzAiOnsiY3JlYXRlIjoxODAwMDAwMDAwMDAwLCJkZWxldGUiOjE4MDAwMDAwMDAwMDAsInJlYWQiOjMwMDAwMDAwMDAwMCwidXBkYXRlIjoxODAwMDAwMDAwMDAwfX0=",
          "dependencies": [
            "azurerm_resource_group.rg",
            "azurerm_subnet.snet",
            "azurerm_virtual_network.vnet",
            "data.azurerm_key_vault.kv",
            "data.azurerm_user_assigned_identity.uami",
            "module.secret_governance.azurerm_container_app_environment.cae",
            "module.secret_governance.azurerm_container_registry.acr",
            "module.secret_governance.azurerm_log_analytics_workspace.law"
          ]
        }
      ]
    },
    {
      "module": "module.secret_governance",
      "mode": "managed",
      "type": "azurerm_container_app_environment",
      "name": "cae",
      "provider": "provider[\"registry.terraform.io/hashicorp/azurerm\"]",
      "instances": [
        {
          "schema_version": 0,
          "attributes": {
            "custom_domain_verification_id": "F63DEFDF9EB71366A00FD2DA029ED12E592FF7BD63A415816889752213D9CE82",
            "dapr_application_insights_connection_string": "",
            "default_domain": "gentlemeadow-59345bfb.southindia.azurecontainerapps.io",
            "docker_bridge_cidr": "",
            "id": "/subscriptions/8d9c148a-455c-4c34-8ccc-045b0394798a/resourceGroups/Foundry-Project/providers/Microsoft.App/managedEnvironments/cae-secret-monitor",
            "infrastructure_resource_group_name": "ME_cae-secret-monitor_Foundry-Project_southindia",
            "infrastructure_subnet_id": "/subscriptions/8d9c148a-455c-4c34-8ccc-045b0394798a/resourceGroups/Foundry-Project/providers/Microsoft.Network/virtualNetworks/vnet-secret-governance/subnets/snet-containerapps",
            "internal_load_balancer_enabled": true,
            "location": "southindia",
            "log_analytics_workspace_id": "/subscriptions/8d9c148a-455c-4c34-8ccc-045b0394798a/resourceGroups/Foundry-Project/providers/Microsoft.OperationalInsights/workspaces/law-cae-secret-monitor",
            "mutual_tls_enabled": false,
            "name": "cae-secret-monitor",
            "platform_reserved_cidr": "",
            "platform_reserved_dns_ip_address": "",
            "resource_group_name": "Foundry-Project",
            "static_ip_address": "10.0.1.13",
            "tags": null,
            "timeouts": null,
            "workload_profile": [],
            "zone_redundancy_enabled": false
          },
          "sensitive_attributes": [
            [
              {
                "type": "get_attr",
                "value": "dapr_application_insights_connection_string"
              }
            ]
          ],
          "private": "eyJlMmJmYjczMC1lY2FhLTExZTYtOGY4OC0zNDM2M2JjN2M0YzAiOnsiY3JlYXRlIjoxODAwMDAwMDAwMDAwLCJkZWxldGUiOjE4MDAwMDAwMDAwMDAsInJlYWQiOjMwMDAwMDAwMDAwMCwidXBkYXRlIjoxODAwMDAwMDAwMDAwfX0=",
          "dependencies": [
            "azurerm_resource_group.rg",
            "azurerm_subnet.snet",
            "azurerm_virtual_network.vnet",
            "module.secret_governance.azurerm_log_analytics_workspace.law"
          ]
        }
      ]
    },
    {
      "module": "module.secret_governance",
      "mode": "managed",
      "type": "azurerm_container_registry",
      "name": "acr",
      "provider": "provider[\"registry.terraform.io/hashicorp/azurerm\"]",
      "instances": [
        {
          "schema_version": 2,
          "attributes": {
            "admin_enabled": true,
            "admin_password": "DyDsGc9WmlggNDIbgQHrcHAq7gp1KvwJgBLC51EaQTgbx9JWtLKbJQQJ99CFAC77bzfEqg7NAAACAZCRnu4C",
            "admin_username": "acrsecretmonitor0103",
            "anonymous_pull_enabled": false,
            "data_endpoint_enabled": false,
            "encryption": [
              {
                "enabled": false,
                "identity_client_id": "",
                "key_vault_key_id": ""
              }
            ],
            "export_policy_enabled": true,
            "georeplications": [],
            "id": "/subscriptions/8d9c148a-455c-4c34-8ccc-045b0394798a/resourceGroups/Foundry-Project/providers/Microsoft.ContainerRegistry/registries/acrsecretmonitor0103",
            "identity": [],
            "location": "southindia",
            "login_server": "acrsecretmonitor0103.azurecr.io",
            "name": "acrsecretmonitor0103",
            "network_rule_bypass_option": "AzureServices",
            "network_rule_set": [],
            "public_network_access_enabled": true,
            "quarantine_policy_enabled": false,
            "resource_group_name": "Foundry-Project",
            "retention_policy": [
              {
                "days": 7,
                "enabled": false
              }
            ],
            "sku": "Basic",
            "tags": {},
            "timeouts": null,
            "trust_policy": [
              {
                "enabled": false
              }
            ],
            "zone_redundancy_enabled": false
          },
          "sensitive_attributes": [
            [
              {
                "type": "get_attr",
                "value": "admin_password"
              }
            ]
          ],
          "private": "eyJlMmJmYjczMC1lY2FhLTExZTYtOGY4OC0zNDM2M2JjN2M0YzAiOnsiY3JlYXRlIjoxODAwMDAwMDAwMDAwLCJkZWxldGUiOjE4MDAwMDAwMDAwMDAsInJlYWQiOjMwMDAwMDAwMDAwMCwidXBkYXRlIjoxODAwMDAwMDAwMDAwfSwic2NoZW1hX3ZlcnNpb24iOiIyIn0=",
          "dependencies": [
            "azurerm_resource_group.rg"
          ]
        }
      ]
    },
    {
      "module": "module.secret_governance",
      "mode": "managed",
      "type": "azurerm_log_analytics_workspace",
      "name": "law",
      "provider": "provider[\"registry.terraform.io/hashicorp/azurerm\"]",
      "instances": [
        {
          "schema_version": 3,
          "attributes": {
            "allow_resource_only_permissions": true,
            "cmk_for_query_forced": false,
            "daily_quota_gb": -1,
            "data_collection_rule_id": "",
            "id": "/subscriptions/8d9c148a-455c-4c34-8ccc-045b0394798a/resourceGroups/Foundry-Project/providers/Microsoft.OperationalInsights/workspaces/law-cae-secret-monitor",
            "identity": [],
            "immediate_data_purge_on_30_days_enabled": false,
            "internet_ingestion_enabled": true,
            "internet_query_enabled": true,
            "local_authentication_disabled": false,
            "location": "southindia",
            "name": "law-cae-secret-monitor",
            "primary_shared_key": "Z1Tjyi7lXMgnCbq+d64zdf15lwC3EJ4flnd9rb+kWSz3MjpgZEtpTqA4Spj/JMNm4nynyirsw//JRrF+8KDZtA==",
            "reservation_capacity_in_gb_per_day": null,
            "resource_group_name": "Foundry-Project",
            "retention_in_days": 30,
            "secondary_shared_key": "CNhFAf3LAJ3VyjY4+5nrJcdHgSmzRP581fIP1fXHNWJL2o+wG4JLyBoLiefWDEs5iMGlmvfptwQnhekgoxxhlQ==",
            "sku": "PerGB2018",
            "tags": {},
            "timeouts": null,
            "workspace_id": "64bedb9a-5857-4ada-8d34-fedfa4dac3f2"
          },
          "sensitive_attributes": [
            [
              {
                "type": "get_attr",
                "value": "secondary_shared_key"
              }
            ],
            [
              {
                "type": "get_attr",
                "value": "primary_shared_key"
              }
            ]
          ],
          "private": "eyJlMmJmYjczMC1lY2FhLTExZTYtOGY4OC0zNDM2M2JjN2M0YzAiOnsiY3JlYXRlIjoxODAwMDAwMDAwMDAwLCJkZWxldGUiOjE4MDAwMDAwMDAwMDAsInJlYWQiOjMwMDAwMDAwMDAwMCwidXBkYXRlIjoxODAwMDAwMDAwMDAwfSwic2NoZW1hX3ZlcnNpb24iOiIzIn0=",
          "dependencies": [
            "azurerm_resource_group.rg"
          ]
        }
      ]
    }
  ],
  "check_results": null
}
