{
  "version": 4,
  "terraform_version": "1.9.7",
  "serial": 12,
  "lineage": "96fb688c-ab2a-c3c0-844d-5904bf3328ce",
  "outputs": {},
  "resources": [
    {
      "mode": "data",
      "type": "azurerm_key_vault",
      "name": "kv",
      "provider": "provider[\"registry.terraform.io/hashicorp/azurerm\"]",
      "instances": [
        {
          "schema_version": 0,
          "attributes": {
            "access_policy": [],
            "enable_rbac_authorization": true,
            "enabled_for_deployment": false,
            "enabled_for_disk_encryption": false,
            "enabled_for_template_deployment": false,
            "id": "/subscriptions/8d9c148a-455c-4c34-8ccc-045b0394798a/resourceGroups/Foundry-Project/providers/Microsoft.KeyVault/vaults/kv-secret-monitor-0103",
            "location": "southindia",
            "name": "kv-secret-monitor-0103",
            "network_acls": [],
            "public_network_access_enabled": true,
            "purge_protection_enabled": false,
            "resource_group_name": "Foundry-Project",
            "sku_name": "standard",
            "tags": {},
            "tenant_id": "70afdd80-5f5b-4a09-a90d-383f126e8c33",
            "timeouts": null,
            "vault_uri": "https://kv-secret-monitor-0103.vault.azure.net/"
          },
          "sensitive_attributes": []
        }
      ]
    },
    {
      "mode": "data",
      "type": "azurerm_user_assigned_identity",
      "name": "uami",
      "provider": "provider[\"registry.terraform.io/hashicorp/azurerm\"]",
      "instances": [
        {
          "schema_version": 0,
          "attributes": {
            "client_id": "17c0380e-395b-4b6b-bebb-bfd1dc439530",
            "id": "/subscriptions/8d9c148a-455c-4c34-8ccc-045b0394798a/resourceGroups/Foundry-Project/providers/Microsoft.ManagedIdentity/userAssignedIdentities/uami-secret-monitor",
            "location": "southindia",
            "name": "uami-secret-monitor",
            "principal_id": "3f62d410-975e-4923-b201-3b02931a38b3",
            "resource_group_name": "Foundry-Project",
            "tags": {},
            "tenant_id": "70afdd80-5f5b-4a09-a90d-383f126e8c33",
            "timeouts": null
          },
          "sensitive_attributes": []
        }
      ]
    },
    {
      "mode": "managed",
      "type": "azurerm_resource_group",
      "name": "rg",
      "provider": "provider[\"registry.terraform.io/hashicorp/azurerm\"]",
      "instances": [
        {
          "schema_version": 0,
          "attributes": {
            "id": "/subscriptions/8d9c148a-455c-4c34-8ccc-045b0394798a/resourceGroups/Foundry-Project",
            "location": "southindia",
            "managed_by": "",
            "name": "Foundry-Project",
            "tags": {},
            "timeouts": null
          },
          "sensitive_attributes": [],
          "private": "eyJlMmJmYjczMC1lY2FhLTExZTYtOGY4OC0zNDM2M2JjN2M0YzAiOnsiY3JlYXRlIjo1NDAwMDAwMDAwMDAwLCJkZWxldGUiOjU0MDAwMDAwMDAwMDAsInJlYWQiOjMwMDAwMDAwMDAwMCwidXBkYXRlIjo1NDAwMDAwMDAwMDAwfSwic2NoZW1hX3ZlcnNpb24iOiIwIn0="
        }
      ]
    },
    {
      "mode": "managed",
      "type": "azurerm_subnet",
      "name": "snet",
      "provider": "provider[\"registry.terraform.io/hashicorp/azurerm\"]",
      "instances": [
        {
          "schema_version": 0,
          "attributes": {
            "address_prefixes": [
              "10.0.0.0/23"
            ],
            "default_outbound_access_enabled": true,
            "delegation": [
              {
                "name": "Microsoft.App.environments",
                "service_delegation": [
                  {
                    "actions": [
                      "Microsoft.Network/virtualNetworks/subnets/join/action"
                    ],
                    "name": "Microsoft.App/environments"
                  }
                ]
              }
            ],
            "enforce_private_link_endpoint_network_policies": false,
            "enforce_private_link_service_network_policies": false,
            "id": "/subscriptions/8d9c148a-455c-4c34-8ccc-045b0394798a/resourceGroups/Foundry-Project/providers/Microsoft.Network/virtualNetworks/vnet-secret-governance/subnets/snet-containerapps",
            "name": "snet-containerapps",
            "private_endpoint_network_policies": "Enabled",
            "private_endpoint_network_policies_enabled": true,
            "private_link_service_network_policies_enabled": true,
            "resource_group_name": "Foundry-Project",
            "service_endpoint_policy_ids": [],
            "service_endpoints": [],
            "timeouts": null,
            "virtual_network_name": "vnet-secret-governance"
          },
          "sensitive_attributes": [],
          "private": "eyJlMmJmYjczMC1lY2FhLTExZTYtOGY4OC0zNDM2M2JjN2M0YzAiOnsiY3JlYXRlIjoxODAwMDAwMDAwMDAwLCJkZWxldGUiOjE4MDAwMDAwMDAwMDAsInJlYWQiOjMwMDAwMDAwMDAwMCwidXBkYXRlIjoxODAwMDAwMDAwMDAwfX0=",
          "dependencies": [
            "azurerm_resource_group.rg",
            "azurerm_virtual_network.vnet"
          ]
        }
      ]
    },
    {
      "mode": "managed",
      "type": "azurerm_virtual_network",
      "name": "vnet",
      "provider": "provider[\"registry.terraform.io/hashicorp/azurerm\"]",
      "instances": [
        {
          "schema_version": 0,
          "attributes": {
            "address_space": [
              "10.0.0.0/16"
            ],
            "bgp_community": "",
            "ddos_protection_plan": [],
            "dns_servers": [],
            "edge_zone": "",
            "encryption": [],
            "flow_timeout_in_minutes": 0,
            "guid": "63c321d7-3f7e-43d6-9246-60eda2667ea3",
            "id": "/subscriptions/8d9c148a-455c-4c34-8ccc-045b0394798a/resourceGroups/Foundry-Project/providers/Microsoft.Network/virtualNetworks/vnet-secret-governance",
            "location": "southindia",
            "name": "vnet-secret-governance",
            "resource_group_name": "Foundry-Project",
            "subnet": [
              {
                "address_prefix": "10.0.0.0/23",
                "id": "/subscriptions/8d9c148a-455c-4c34-8ccc-045b0394798a/resourceGroups/Foundry-Project/providers/Microsoft.Network/virtualNetworks/vnet-secret-governance/subnets/snet-containerapps",
                "name": "snet-containerapps",
                "security_group": ""
              }
            ],
            "tags": {},
            "timeouts": null
          },
          "sensitive_attributes": [],
          "private": "eyJlMmJmYjczMC1lY2FhLTExZTYtOGY4OC0zNDM2M2JjN2M0YzAiOnsiY3JlYXRlIjoxODAwMDAwMDAwMDAwLCJkZWxldGUiOjE4MDAwMDAwMDAwMDAsInJlYWQiOjMwMDAwMDAwMDAwMCwidXBkYXRlIjoxODAwMDAwMDAwMDAwfX0=",
          "dependencies": [
            "azurerm_resource_group.rg"
          ]
        }
      ]
    },
    {
      "module": "module.secret_governance",
      "mode": "managed",
      "type": "azurerm_container_app_environment",
      "name": "cae",
      "provider": "provider[\"registry.terraform.io/hashicorp/azurerm\"]",
      "instances": [
        {
          "schema_version": 0,
          "attributes": {
            "custom_domain_verification_id": "F63DEFDF9EB71366A00FD2DA029ED12E592FF7BD63A415816889752213D9CE82",
            "dapr_application_insights_connection_string": "",
            "default_domain": "thankfulcliff-1d8c21fe.southindia.azurecontainerapps.io",
            "docker_bridge_cidr": "",
            "id": "/subscriptions/8d9c148a-455c-4c34-8ccc-045b0394798a/resourceGroups/Foundry-Project/providers/Microsoft.App/managedEnvironments/cae-secret-monitor",
            "infrastructure_resource_group_name": "ME_cae-secret-monitor_Foundry-Project_southindia",
            "infrastructure_subnet_id": "/subscriptions/8d9c148a-455c-4c34-8ccc-045b0394798a/resourceGroups/Foundry-Project/providers/Microsoft.Network/virtualNetworks/vnet-secret-governance/subnets/snet-containerapps",
            "internal_load_balancer_enabled": true,
            "location": "southindia",
            "log_analytics_workspace_id": "/subscriptions/8d9c148a-455c-4c34-8ccc-045b0394798a/resourceGroups/Foundry-Project/providers/Microsoft.OperationalInsights/workspaces/law-cae-secret-monitor",
            "mutual_tls_enabled": false,
            "name": "cae-secret-monitor",
            "platform_reserved_cidr": "",
            "platform_reserved_dns_ip_address": "",
            "resource_group_name": "Foundry-Project",
            "static_ip_address": "10.0.0.37",
            "tags": null,
            "timeouts": null,
            "workload_profile": [],
            "zone_redundancy_enabled": false
          },
          "sensitive_attributes": [
            [
              {
                "type": "get_attr",
                "value": "dapr_application_insights_connection_string"
              }
            ]
          ],
          "private": "eyJlMmJmYjczMC1lY2FhLTExZTYtOGY4OC0zNDM2M2JjN2M0YzAiOnsiY3JlYXRlIjoxODAwMDAwMDAwMDAwLCJkZWxldGUiOjE4MDAwMDAwMDAwMDAsInJlYWQiOjMwMDAwMDAwMDAwMCwidXBkYXRlIjoxODAwMDAwMDAwMDAwfX0=",
          "dependencies": [
            "azurerm_resource_group.rg",
            "azurerm_subnet.snet",
            "azurerm_virtual_network.vnet",
            "module.secret_governance.azurerm_log_analytics_workspace.law"
          ]
        }
      ]
    },
    {
      "module": "module.secret_governance",
      "mode": "managed",
      "type": "azurerm_container_registry",
      "name": "acr",
      "provider": "provider[\"registry.terraform.io/hashicorp/azurerm\"]",
      "instances": [
        {
          "schema_version": 2,
          "attributes": {
            "admin_enabled": true,
            "admin_password": "DyDsGc9WmlggNDIbgQHrcHAq7gp1KvwJgBLC51EaQTgbx9JWtLKbJQQJ99CFAC77bzfEqg7NAAACAZCRnu4C",
            "admin_username": "acrsecretmonitor0103",
            "anonymous_pull_enabled": false,
            "data_endpoint_enabled": false,
            "encryption": [
              {
                "enabled": false,
                "identity_client_id": "",
                "key_vault_key_id": ""
              }
            ],
            "export_policy_enabled": true,
            "georeplications": [],
            "id": "/subscriptions/8d9c148a-455c-4c34-8ccc-045b0394798a/resourceGroups/Foundry-Project/providers/Microsoft.ContainerRegistry/registries/acrsecretmonitor0103",
            "identity": [],
            "location": "southindia",
            "login_server": "acrsecretmonitor0103.azurecr.io",
            "name": "acrsecretmonitor0103",
            "network_rule_bypass_option": "AzureServices",
            "network_rule_set": [],
            "public_network_access_enabled": true,
            "quarantine_policy_enabled": false,
            "resource_group_name": "Foundry-Project",
            "retention_policy": [
              {
                "days": 7,
                "enabled": false
              }
            ],
            "sku": "Basic",
            "tags": {},
            "timeouts": null,
            "trust_policy": [
              {
                "enabled": false
              }
            ],
            "zone_redundancy_enabled": false
          },
          "sensitive_attributes": [
            [
              {
                "type": "get_attr",
                "value": "admin_password"
              }
            ]
          ],
          "private": "eyJlMmJmYjczMC1lY2FhLTExZTYtOGY4OC0zNDM2M2JjN2M0YzAiOnsiY3JlYXRlIjoxODAwMDAwMDAwMDAwLCJkZWxldGUiOjE4MDAwMDAwMDAwMDAsInJlYWQiOjMwMDAwMDAwMDAwMCwidXBkYXRlIjoxODAwMDAwMDAwMDAwfSwic2NoZW1hX3ZlcnNpb24iOiIyIn0=",
          "dependencies": [
            "azurerm_resource_group.rg"
          ]
        }
      ]
    },
    {
      "module": "module.secret_governance",
      "mode": "managed",
      "type": "azurerm_log_analytics_workspace",
      "name": "law",
      "provider": "provider[\"registry.terraform.io/hashicorp/azurerm\"]",
      "instances": [
        {
          "schema_version": 3,
          "attributes": {
            "allow_resource_only_permissions": true,
            "cmk_for_query_forced": false,
            "daily_quota_gb": -1,
            "data_collection_rule_id": "",
            "id": "/subscriptions/8d9c148a-455c-4c34-8ccc-045b0394798a/resourceGroups/Foundry-Project/providers/Microsoft.OperationalInsights/workspaces/law-cae-secret-monitor",
            "identity": [],
            "immediate_data_purge_on_30_days_enabled": false,
            "internet_ingestion_enabled": true,
            "internet_query_enabled": true,
            "local_authentication_disabled": false,
            "location": "southindia",
            "name": "law-cae-secret-monitor",
            "primary_shared_key": "Z1Tjyi7lXMgnCbq+d64zdf15lwC3EJ4flnd9rb+kWSz3MjpgZEtpTqA4Spj/JMNm4nynyirsw//JRrF+8KDZtA==",
            "reservation_capacity_in_gb_per_day": null,
            "resource_group_name": "Foundry-Project",
            "retention_in_days": 30,
            "secondary_shared_key": "CNhFAf3LAJ3VyjY4+5nrJcdHgSmzRP581fIP1fXHNWJL2o+wG4JLyBoLiefWDEs5iMGlmvfptwQnhekgoxxhlQ==",
            "sku": "PerGB2018",
            "tags": {},
            "timeouts": null,
            "workspace_id": "64bedb9a-5857-4ada-8d34-fedfa4dac3f2"
          },
          "sensitive_attributes": [
            [
              {
                "type": "get_attr",
                "value": "secondary_shared_key"
              }
            ],
            [
              {
                "type": "get_attr",
                "value": "primary_shared_key"
              }
            ]
          ],
          "private": "eyJlMmJmYjczMC1lY2FhLTExZTYtOGY4OC0zNDM2M2JjN2M0YzAiOnsiY3JlYXRlIjoxODAwMDAwMDAwMDAwLCJkZWxldGUiOjE4MDAwMDAwMDAwMDAsInJlYWQiOjMwMDAwMDAwMDAwMCwidXBkYXRlIjoxODAwMDAwMDAwMDAwfSwic2NoZW1hX3ZlcnNpb24iOiIzIn0=",
          "dependencies": [
            "azurerm_resource_group.rg"
          ]
        }
      ]
    }
  ],
  "check_results": null
}
